{
  "name": "arrowhead-configuration-system",
  "version": "0.1.0",
  "lockfileVersion": 1,
  "requires": true,
  "dependencies": {
    "@types/node": {
      "version": "6.0.88",
      "resolved": "https://registry.npmjs.org/@types/node/-/node-6.0.88.tgz",
      "integrity": "sha512-bYDPZTX0/s1aihdjLuAgogUAT5M+TpoWChEMea2p0yOcfn5bu3k6cJb9cp6nw268XeSNIGGr+4+/8V5K6BGzLQ==",
      "dev": true
    },
    "ahf-core": {
      "version": "0.2.2",
      "resolved": "https://registry.npmjs.org/ahf-core/-/ahf-core-0.2.2.tgz",
      "integrity": "sha512-VSpsmwxI6An+cZy58zC0ZmKTUD97KtCO+9VtwDyQaPVU4WcGf3XZf7MXNTRbVpF6fnvdGV3bAQHVtNXJYUHeYg=="
    },
    "typescript": {
      "version": "2.5.3",
      "resolved": "https://registry.npmjs.org/typescript/-/typescript-2.5.3.tgz",
      "integrity": "sha512-ptLSQs2S4QuS6/OD1eAKG+S5G8QQtrU5RT32JULdZQtM1L3WTi34Wsu48Yndzi8xsObRAB9RPt/KhA9wlpEF6w==",
      "dev": true
    }
  }
}
