{
  "name": "ahfc-configuration-system-rest-ws",
  "version": "0.1.0",
  "lockfileVersion": 1,
  "requires": true,
  "dependencies": {
    "@types/node": {
      "version": "6.0.90",
      "resolved": "https://registry.npmjs.org/@types/node/-/node-6.0.90.tgz",
      "integrity": "sha512-tXoGRVdi7wZX7P1VWoV9Wfk0uYDOAHdEYXAttuWgSrN76Q32wQlSrMX0Rgyv3RTEaQY2ZLQrzYHVM2e8rfo8sA==",
      "dev": true
    },
    "ahfc-client": {
      "version": "0.2.5",
      "resolved": "https://registry.npmjs.org/ahfc-client/-/ahfc-client-0.2.5.tgz",
      "integrity": "sha512-TRSTw9avoZWhpYyhX0VIV0oHer9V0QIwR/Rpv0gGtqNA/uUdqeKoqi/uJuUUGSH0fU/caW7zUfY7JRXKueP8Eg=="
    },
    "bindings": {
      "version": "1.3.0",
      "resolved": "https://registry.npmjs.org/bindings/-/bindings-1.3.0.tgz",
      "integrity": "sha512-DpLh5EzMR2kzvX1KIlVC0VkC3iZtHKTgdtZ0a3pglBZdaQFjt5S9g9xd1lE+YvXyfd6mtCeRnrUfOLYiTMlNSw=="
    },
    "nan": {
      "version": "2.7.0",
      "resolved": "https://registry.npmjs.org/nan/-/nan-2.7.0.tgz",
      "integrity": "sha1-2Vv3IeyHfgjbJ27T/G63j5CDrUY="
    },
    "node-lmdb": {
      "version": "0.4.13",
      "resolved": "https://registry.npmjs.org/node-lmdb/-/node-lmdb-0.4.13.tgz",
      "integrity": "sha1-ZaqbQsKhntcTX2GOqqFxHOu3vik=",
      "requires": {
        "bindings": "1.3.0",
        "nan": "2.7.0"
      }
    },
    "typescript": {
      "version": "2.5.3",
      "resolved": "https://registry.npmjs.org/typescript/-/typescript-2.5.3.tgz",
      "integrity": "sha512-ptLSQs2S4QuS6/OD1eAKG+S5G8QQtrU5RT32JULdZQtM1L3WTi34Wsu48Yndzi8xsObRAB9RPt/KhA9wlpEF6w==",
      "dev": true
    }
  }
}
